{
  "name": "AI.ttorney",
  "lockfileVersion": 3,
  "requires": true,
  "packages": {
    "": {
      "dependencies": {
        "smtp": "^0.0.5"
      }
    },
    "node_modules/linebuffer": {
      "version": "1.0.0",
      "resolved": "https://registry.npmjs.org/linebuffer/-/linebuffer-1.0.0.tgz",
      "integrity": "sha512-XxRKtVIml/qdwEEMDTrzJIj7dEQpdGc6mTHF9erbSC8agDo6Ann3C5XjgI6cYiqC5mvzkShwdTl1wDogjFDv5w==",
      "engines": {
        "node": ">=0.8.x"
      }
    },
    "node_modules/smtp": {
      "version": "0.0.5",
      "resolved": "https://registry.npmjs.org/smtp/-/smtp-0.0.5.tgz",
      "integrity": "sha512-Cz4TKjVfzzro7VfOQdgZ3k7w+k/q5f6/Okils8tF4jzgWoPqjMcnVEluRT912v0xE3baiOLX9ncMA8s2grLbgw==",
      "engines": [
        "node"
      ],
      "dependencies": {
        "linebuffer": ">= 0.0.4"
      },
      "bin": {
        "smtpd": "bin/smtpd"
      }
    }
  }
}
